
Microsoft Visual Studio Solution File, Format Version 12.00
Project("{2150E333-8FDC-42A3-9474-1A3956D46DE8}") = "Sources", "Sources", "{DAD268A8-31E8-4278-84AC-7658F31090A4}"
EndProject
Project("{2150E333-8FDC-42A3-9474-1A3956D46DE8}") = "Tests", "Tests", "{C5F076FE-FF74-4974-B8B9-222CF4017CC6}"
EndProject
Project("{FAE04EC0-301F-11D3-BF4B-00C04F79EFBC}") = "Domain", "Domain\Domain.csproj", "{12ACA855-4B06-4C9B-ACC9-24A3A40DCD83}"
EndProject
Project("{FAE04EC0-301F-11D3-BF4B-00C04F79EFBC}") = "Application", "Application\Application.csproj", "{84C42943-073B-4585-8686-D2623064CF80}"
EndProject
Project("{FAE04EC0-301F-11D3-BF4B-00C04F79EFBC}") = "Infrastructure", "Infrastructure\Infrastructure.csproj", "{A21554E8-F9F8-49F0-B7CE-01B2CD5AF722}"
EndProject
Project("{FAE04EC0-301F-11D3-BF4B-00C04F79EFBC}") = "WpfUI", "WpfUI\WpfUI.csproj", "{8A2E4500-A785-4CEA-A17F-2A9004CE97BD}"
EndProject
Project("{FAE04EC0-301F-11D3-BF4B-00C04F79EFBC}") = "DomainTests", "DomainTests\DomainTests.csproj", "{A43E9437-F1B6-46A4-8BAB-0B13F3619648}"
EndProject
Project("{FAE04EC0-301F-11D3-BF4B-00C04F79EFBC}") = "ApplicationTests", "ApplicationTests\ApplicationTests.csproj", "{837791F8-91C6-4A01-A121-0742EDA69066}"
EndProject
Project("{FAE04EC0-301F-11D3-BF4B-00C04F79EFBC}") = "InfrastructureTests", "InfrastructureTests\InfrastructureTests.csproj", "{53D89F32-76AB-499D-AC29-7FE1733C4D8A}"
EndProject
Project("{FAE04EC0-301F-11D3-BF4B-00C04F79EFBC}") = "WpfUiTests", "WpfUiTests\WpfUiTests.csproj", "{DBAC8600-7212-4B13-B2F1-AD8A8E6C6E54}"
EndProject
Project("{FAE04EC0-301F-11D3-BF4B-00C04F79EFBC}") = "Presentation", "Presentation\Presentation.csproj", "{F8837E04-D985-4817-86B5-074A8BAB0B95}"
EndProject
Global
	GlobalSection(SolutionConfigurationPlatforms) = preSolution
		Debug|Any CPU = Debug|Any CPU
		Release|Any CPU = Release|Any CPU
	EndGlobalSection
	GlobalSection(NestedProjects) = preSolution
		{12ACA855-4B06-4C9B-ACC9-24A3A40DCD83} = {DAD268A8-31E8-4278-84AC-7658F31090A4}
		{84C42943-073B-4585-8686-D2623064CF80} = {DAD268A8-31E8-4278-84AC-7658F31090A4}
		{A21554E8-F9F8-49F0-B7CE-01B2CD5AF722} = {DAD268A8-31E8-4278-84AC-7658F31090A4}
		{8A2E4500-A785-4CEA-A17F-2A9004CE97BD} = {DAD268A8-31E8-4278-84AC-7658F31090A4}
		{A43E9437-F1B6-46A4-8BAB-0B13F3619648} = {C5F076FE-FF74-4974-B8B9-222CF4017CC6}
		{837791F8-91C6-4A01-A121-0742EDA69066} = {C5F076FE-FF74-4974-B8B9-222CF4017CC6}
		{53D89F32-76AB-499D-AC29-7FE1733C4D8A} = {C5F076FE-FF74-4974-B8B9-222CF4017CC6}
		{DBAC8600-7212-4B13-B2F1-AD8A8E6C6E54} = {C5F076FE-FF74-4974-B8B9-222CF4017CC6}
		{F8837E04-D985-4817-86B5-074A8BAB0B95} = {DAD268A8-31E8-4278-84AC-7658F31090A4}
	EndGlobalSection
	GlobalSection(ProjectConfigurationPlatforms) = postSolution
		{12ACA855-4B06-4C9B-ACC9-24A3A40DCD83}.Debug|Any CPU.ActiveCfg = Debug|Any CPU
		{12ACA855-4B06-4C9B-ACC9-24A3A40DCD83}.Debug|Any CPU.Build.0 = Debug|Any CPU
		{12ACA855-4B06-4C9B-ACC9-24A3A40DCD83}.Release|Any CPU.ActiveCfg = Release|Any CPU
		{12ACA855-4B06-4C9B-ACC9-24A3A40DCD83}.Release|Any CPU.Build.0 = Release|Any CPU
		{84C42943-073B-4585-8686-D2623064CF80}.Debug|Any CPU.ActiveCfg = Debug|Any CPU
		{84C42943-073B-4585-8686-D2623064CF80}.Debug|Any CPU.Build.0 = Debug|Any CPU
		{84C42943-073B-4585-8686-D2623064CF80}.Release|Any CPU.ActiveCfg = Release|Any CPU
		{84C42943-073B-4585-8686-D2623064CF80}.Release|Any CPU.Build.0 = Release|Any CPU
		{A21554E8-F9F8-49F0-B7CE-01B2CD5AF722}.Debug|Any CPU.ActiveCfg = Debug|Any CPU
		{A21554E8-F9F8-49F0-B7CE-01B2CD5AF722}.Debug|Any CPU.Build.0 = Debug|Any CPU
		{A21554E8-F9F8-49F0-B7CE-01B2CD5AF722}.Release|Any CPU.ActiveCfg = Release|Any CPU
		{A21554E8-F9F8-49F0-B7CE-01B2CD5AF722}.Release|Any CPU.Build.0 = Release|Any CPU
		{8A2E4500-A785-4CEA-A17F-2A9004CE97BD}.Debug|Any CPU.ActiveCfg = Debug|Any CPU
		{8A2E4500-A785-4CEA-A17F-2A9004CE97BD}.Debug|Any CPU.Build.0 = Debug|Any CPU
		{8A2E4500-A785-4CEA-A17F-2A9004CE97BD}.Release|Any CPU.ActiveCfg = Release|Any CPU
		{8A2E4500-A785-4CEA-A17F-2A9004CE97BD}.Release|Any CPU.Build.0 = Release|Any CPU
		{A43E9437-F1B6-46A4-8BAB-0B13F3619648}.Debug|Any CPU.ActiveCfg = Debug|Any CPU
		{A43E9437-F1B6-46A4-8BAB-0B13F3619648}.Debug|Any CPU.Build.0 = Debug|Any CPU
		{A43E9437-F1B6-46A4-8BAB-0B13F3619648}.Release|Any CPU.ActiveCfg = Release|Any CPU
		{A43E9437-F1B6-46A4-8BAB-0B13F3619648}.Release|Any CPU.Build.0 = Release|Any CPU
		{837791F8-91C6-4A01-A121-0742EDA69066}.Debug|Any CPU.ActiveCfg = Debug|Any CPU
		{837791F8-91C6-4A01-A121-0742EDA69066}.Debug|Any CPU.Build.0 = Debug|Any CPU
		{837791F8-91C6-4A01-A121-0742EDA69066}.Release|Any CPU.ActiveCfg = Release|Any CPU
		{837791F8-91C6-4A01-A121-0742EDA69066}.Release|Any CPU.Build.0 = Release|Any CPU
		{53D89F32-76AB-499D-AC29-7FE1733C4D8A}.Debug|Any CPU.ActiveCfg = Debug|Any CPU
		{53D89F32-76AB-499D-AC29-7FE1733C4D8A}.Debug|Any CPU.Build.0 = Debug|Any CPU
		{53D89F32-76AB-499D-AC29-7FE1733C4D8A}.Release|Any CPU.ActiveCfg = Release|Any CPU
		{53D89F32-76AB-499D-AC29-7FE1733C4D8A}.Release|Any CPU.Build.0 = Release|Any CPU
		{DBAC8600-7212-4B13-B2F1-AD8A8E6C6E54}.Debug|Any CPU.ActiveCfg = Debug|Any CPU
		{DBAC8600-7212-4B13-B2F1-AD8A8E6C6E54}.Debug|Any CPU.Build.0 = Debug|Any CPU
		{DBAC8600-7212-4B13-B2F1-AD8A8E6C6E54}.Release|Any CPU.ActiveCfg = Release|Any CPU
		{DBAC8600-7212-4B13-B2F1-AD8A8E6C6E54}.Release|Any CPU.Build.0 = Release|Any CPU
		{F8837E04-D985-4817-86B5-074A8BAB0B95}.Debug|Any CPU.ActiveCfg = Debug|Any CPU
		{F8837E04-D985-4817-86B5-074A8BAB0B95}.Debug|Any CPU.Build.0 = Debug|Any CPU
		{F8837E04-D985-4817-86B5-074A8BAB0B95}.Release|Any CPU.ActiveCfg = Release|Any CPU
		{F8837E04-D985-4817-86B5-074A8BAB0B95}.Release|Any CPU.Build.0 = Release|Any CPU
	EndGlobalSection
EndGlobal
